// !$*UTF8*$!
{
	archiveVersion = 1;
	classes = {
	};
	objectVersion = 46;
	objects = {
		A67D824D6147DB86296C1DF8 = {
			isa = PBXBuildFile;
			fileRef = 959CE59B4BED6D967F00C07C;
		};
		E83A19E59B949327E5DF26EA = {
			isa = PBXBuildFile;
			fileRef = 0801A69D47255578534E42A1;
		};
		2FE92FAB22FC4B96CABFCA0C = {
			isa = PBXBuildFile;
			fileRef = ECD418145B6AF7A671FE8F45;
		};
		12CD0F00FC204570B0F715EF = {
			isa = PBXBuildFile;
			fileRef = 0C987B3A51F5CC41E0C0A423;
		};
		80A78163557ADDB83A9582B0 = {
			isa = PBXBuildFile;
			fileRef = D39E5761C2A34253A1E14193;
		};
		7CBA75F31E010EA090023E44 = {
			isa = PBXBuildFile;
			fileRef = A54BABBA3EFDDCA2A68AC93E;
		};
		ED0E90795D7766FB74D200AD = {
			isa = PBXBuildFile;
			fileRef = 7604EC03C208BB869C76D9E1;
		};
		66857875D24F9236D79BE429 = {
			isa = PBXBuildFile;
			fileRef = 576F2A02AE0D37A5512F96A2;
		};
		147022A5AEC216BF0F74D388 = {
			isa = PBXBuildFile;
			fileRef = 406672E2C348CF65A1D386F3;
		};
		4FDD4393666FEE6CC7455677 = {
			isa = PBXBuildFile;
			fileRef = 3DC8B7911A1533513F512025;
		};
		9723E7424C44202F3B849145 = {
			isa = PBXBuildFile;
			fileRef = 5D0DBB95979D86569A2B9A5F;
		};
		4A6275A4FC23472B18293DFE = {
			isa = PBXBuildFile;
			fileRef = 2F8B209DA07F27F8CF72A9D7;
		};
		8D87802F5EEA359A8ABDCCB6 = {
			isa = PBXBuildFile;
			fileRef = 356A6B52C5F54D56E9E01CAB;
		};
		36C859702E9DD4DF861EA206 = {
			isa = PBXBuildFile;
			fileRef = CCF8AFC39ECA47B1AE35689B;
		};
		85C4837680318312C4D861C8 = {
			isa = PBXBuildFile;
			fileRef = 12817BAB8CF3D2544EF38EFA;
		};
		C6190F7F15522381B561B650 = {
			isa = PBXBuildFile;
			fileRef = 1F44EAC19CBDE171BE88B3D9;
		};
		C43382F44D7132D7F7341099 = {
			isa = PBXBuildFile;
			fileRef = 854CF1C46B110182A5792D42;
		};
		3BEC698142BF318D337209FF = {
			isa = PBXBuildFile;
			fileRef = A8B088B567BB39F3030FDB4B;
		};
		B7883BFC9EC63519BD18550F = {
			isa = PBXBuildFile;
			fileRef = 2B60DCFD13EF890C018E9C0A;
		};
		7ED4F5A7EEA749AA4F96284D = {
			isa = PBXBuildFile;
			fileRef = 1B7D6B044197BE70B7B95D82;
		};
		0255D18BA1046DDBAE2DB544 = {
			isa = PBXBuildFile;
			fileRef = 18E75B93FB8249C966C2F8B6;
		};
		51006269809C4725921138A0 = {
			isa = PBXBuildFile;
			fileRef = 22F2A6DB9B34FE3676CD35F5;
		};
		51679395CEE601EB4B683ABE = {
			isa = PBXBuildFile;
			fileRef = 1343C1069DF6E50BA5F07D7B;
		};
		09BC7486D425757B7801D205 = {
			isa = PBXBuildFile;
			fileRef = 45CA2B839F4BDB10FD6DF244;
		};
		2DA3465495A4A0470EC35279 = {
			isa = PBXBuildFile;
			fileRef = CBFA804F106A7A407611EB82;
		};
		0801A69D47255578534E42A1 = {
			isa = PBXFileReference;
			lastKnownFileType = wrapper.framework;
			name = Accelerate.framework;
			path = System/Library/Frameworks/Accelerate.framework;
			sourceTree = SDKROOT;
		};
		0A4233AB81DAF461028BA483 = {
			isa = PBXFileReference;
			lastKnownFileType = sourcecode.c.h;
			name = AppConfig.h;
			path = ../../JuceLibraryCode/AppConfig.h;
			sourceTree = "SOURCE_ROOT";
		};
		0C987B3A51F5CC41E0C0A423 = {
			isa = PBXFileReference;
			lastKnownFileType = wrapper.framework;
			name = Carbon.framework;
			path = System/Library/Frameworks/Carbon.framework;
			sourceTree = SDKROOT;
		};
		12817BAB8CF3D2544EF38EFA = {
			isa = PBXFileReference;
			lastKnownFileType = sourcecode.cpp.objcpp;
			name = "include_juce_audio_devices.mm";
			path = "../../JuceLibraryCode/include_juce_audio_devices.mm";
			sourceTree = "SOURCE_ROOT";
		};
		1343C1069DF6E50BA5F07D7B = {
			isa = PBXFileReference;
			lastKnownFileType = sourcecode.cpp.objcpp;
			name = "include_juce_gui_basics.mm";
			path = "../../JuceLibraryCode/include_juce_gui_basics.mm";
			sourceTree = "SOURCE_ROOT";
		};
		18E75B93FB8249C966C2F8B6 = {
			isa = PBXFileReference;
			lastKnownFileType = sourcecode.cpp.objcpp;
			name = "include_juce_events.mm";
			path = "../../JuceLibraryCode/include_juce_events.mm";
			sourceTree = "SOURCE_ROOT";
		};
		198E88E57C361C54A7AD07E8 = {
			isa = PBXFileReference;
			lastKnownFileType = file;
			name = "juce_cryptography";
			path = "../../../../../JUCE/modules/juce_cryptography";
			sourceTree = "SOURCE_ROOT";
		};
		1B7D6B044197BE70B7B95D82 = {
			isa = PBXFileReference;
			lastKnownFileType = sourcecode.cpp.objcpp;
			name = "include_juce_data_structures.mm";
			path = "../../JuceLibraryCode/include_juce_data_structures.mm";
			sourceTree = "SOURCE_ROOT";
		};
		1F44EAC19CBDE171BE88B3D9 = {
			isa = PBXFileReference;
			lastKnownFileType = sourcecode.cpp.objcpp;
			name = "include_juce_audio_formats.mm";
			path = "../../JuceLibraryCode/include_juce_audio_formats.mm";
			sourceTree = "SOURCE_ROOT";
		};
		22F2A6DB9B34FE3676CD35F5 = {
			isa = PBXFileReference;
			lastKnownFileType = sourcecode.cpp.objcpp;
			name = "include_juce_graphics.mm";
			path = "../../JuceLibraryCode/include_juce_graphics.mm";
			sourceTree = "SOURCE_ROOT";
		};
		23EAEA94C5FD38C637049BC4 = {
			isa = PBXFileReference;
			lastKnownFileType = text.plist.xml;
			name = "Info-App.plist";
			path = "Info-App.plist";
			sourceTree = "SOURCE_ROOT";
		};
		2B60DCFD13EF890C018E9C0A = {
			isa = PBXFileReference;
			lastKnownFileType = sourcecode.cpp.objcpp;
			name = "include_juce_cryptography.mm";
			path = "../../JuceLibraryCode/include_juce_cryptography.mm";
			sourceTree = "SOURCE_ROOT";
		};
		2F8B209DA07F27F8CF72A9D7 = {
			isa = PBXFileReference;
			lastKnownFileType = file.nib;
			name = RecentFilesMenuTemplate.nib;
			path = RecentFilesMenuTemplate.nib;
			sourceTree = "SOURCE_ROOT";
		};
		33BD39D3754D38995AC4E2A8 = {
			isa = PBXFileReference;
			lastKnownFileType = file;
			name = "juce_data_structures";
			path = "../../../../../JUCE/modules/juce_data_structures";
			sourceTree = "SOURCE_ROOT";
		};
		356A6B52C5F54D56E9E01CAB = {
			isa = PBXFileReference;
			lastKnownFileType = sourcecode.cpp.cpp;
			name = Main.cpp;
			path = ../../Source/Main.cpp;
			sourceTree = "SOURCE_ROOT";
		};
		3DC8B7911A1533513F512025 = {
			isa = PBXFileReference;
			lastKnownFileType = wrapper.framework;
			name = QuartzCore.framework;
			path = System/Library/Frameworks/QuartzCore.framework;
			sourceTree = SDKROOT;
		};
		406672E2C348CF65A1D386F3 = {
			isa = PBXFileReference;
			lastKnownFileType = wrapper.framework;
			name = OpenGL.framework;
			path = System/Library/Frameworks/OpenGL.framework;
			sourceTree = SDKROOT;
		};
		45CA2B839F4BDB10FD6DF244 = {
			isa = PBXFileReference;
			lastKnownFileType = sourcecode.cpp.objcpp;
			name = "include_juce_gui_extra.mm";
			path = "../../JuceLibraryCode/include_juce_gui_extra.mm";
			sourceTree = "SOURCE_ROOT";
		};
		48FD3A04346F614C646EBBD7 = {
			isa = PBXFileReference;
			lastKnownFileType = file;
			name = "juce_opengl";
			path = "../../../../../JUCE/modules/juce_opengl";
			sourceTree = "SOURCE_ROOT";
		};
		504D239D0F9C9BD41FD484A9 = {
			isa = PBXFileReference;
			lastKnownFileType = file;
			name = "juce_gui_extra";
			path = "../../../../../JUCE/modules/juce_gui_extra";
			sourceTree = "SOURCE_ROOT";
		};
		576F2A02AE0D37A5512F96A2 = {
			isa = PBXFileReference;
			lastKnownFileType = wrapper.framework;
			name = IOKit.framework;
			path = System/Library/Frameworks/IOKit.framework;
			sourceTree = SDKROOT;
		};
		5D0DBB95979D86569A2B9A5F = {
			isa = PBXFileReference;
			lastKnownFileType = wrapper.framework;
			name = WebKit.framework;
			path = System/Library/Frameworks/WebKit.framework;
			sourceTree = SDKROOT;
		};
		7604EC03C208BB869C76D9E1 = {
			isa = PBXFileReference;
			lastKnownFileType = wrapper.framework;
			name = CoreMIDI.framework;
			path = System/Library/Frameworks/CoreMIDI.framework;
			sourceTree = SDKROOT;
		};
		80975C0A36BDE85068BD7951 = {
			isa = PBXFileReference;
			lastKnownFileType = sourcecode.c.h;
			name = JuceHeader.h;
			path = ../../JuceLibraryCode/JuceHeader.h;
			sourceTree = "SOURCE_ROOT";
		};
		854CF1C46B110182A5792D42 = {
			isa = PBXFileReference;
			lastKnownFileType = sourcecode.cpp.objcpp;
			name = "include_juce_audio_processors.mm";
			path = "../../JuceLibraryCode/include_juce_audio_processors.mm";
			sourceTree = "SOURCE_ROOT";
		};
		959CE59B4BED6D967F00C07C = {
			isa = PBXFileReference;
			explicitFileType = wrapper.application;
			includeInIndex = 0;
			path = MainWindowsTutorial.app;
			sourceTree = "BUILT_PRODUCTS_DIR";
		};
		9BC55C34D9B854AE61D3F31C = {
			isa = PBXFileReference;
			lastKnownFileType = file;
			name = "juce_audio_processors";
			path = "../../../../../JUCE/modules/juce_audio_processors";
			sourceTree = "SOURCE_ROOT";
		};
		A03B6961FDE5F9911A8FDFA9 = {
			isa = PBXFileReference;
			lastKnownFileType = file;
			name = "juce_audio_formats";
			path = "../../../../../JUCE/modules/juce_audio_formats";
			sourceTree = "SOURCE_ROOT";
		};
		A54BABBA3EFDDCA2A68AC93E = {
			isa = PBXFileReference;
			lastKnownFileType = wrapper.framework;
			name = CoreAudio.framework;
			path = System/Library/Frameworks/CoreAudio.framework;
			sourceTree = SDKROOT;
		};
		A8B088B567BB39F3030FDB4B = {
			isa = PBXFileReference;
			lastKnownFileType = sourcecode.cpp.objcpp;
			name = "include_juce_core.mm";
			path = "../../JuceLibraryCode/include_juce_core.mm";
			sourceTree = "SOURCE_ROOT";
		};
		B5647D7289C7CC8A6DF27BE5 = {
			isa = PBXFileReference;
			lastKnownFileType = file;
			name = "juce_events";
			path = "../../../../../JUCE/modules/juce_events";
			sourceTree = "SOURCE_ROOT";
		};
		CBFA804F106A7A407611EB82 = {
			isa = PBXFileReference;
			lastKnownFileType = sourcecode.cpp.objcpp;
			name = "include_juce_opengl.mm";
			path = "../../JuceLibraryCode/include_juce_opengl.mm";
			sourceTree = "SOURCE_ROOT";
		};
		CCF8AFC39ECA47B1AE35689B = {
			isa = PBXFileReference;
			lastKnownFileType = sourcecode.cpp.objcpp;
			name = "include_juce_audio_basics.mm";
			path = "../../JuceLibraryCode/include_juce_audio_basics.mm";
			sourceTree = "SOURCE_ROOT";
		};
		CE20D097B4766F9BBDC60829 = {
			isa = PBXFileReference;
			lastKnownFileType = file;
			name = "juce_gui_basics";
			path = "../../../../../JUCE/modules/juce_gui_basics";
			sourceTree = "SOURCE_ROOT";
		};
		D39E5761C2A34253A1E14193 = {
			isa = PBXFileReference;
			lastKnownFileType = wrapper.framework;
			name = Cocoa.framework;
			path = System/Library/Frameworks/Cocoa.framework;
			sourceTree = SDKROOT;
		};
		E6E8025A16A7DCBC8E7A2DCF = {
			isa = PBXFileReference;
			lastKnownFileType = file;
			name = "juce_audio_devices";
			path = "../../../../../JUCE/modules/juce_audio_devices";
			sourceTree = "SOURCE_ROOT";
		};
		ECD418145B6AF7A671FE8F45 = {
			isa = PBXFileReference;
			lastKnownFileType = wrapper.framework;
			name = AudioToolbox.framework;
			path = System/Library/Frameworks/AudioToolbox.framework;
			sourceTree = SDKROOT;
		};
		F27FE9FDEBDE9F9F7E991DA2 = {
			isa = PBXFileReference;
			lastKnownFileType = file;
			name = "juce_audio_basics";
			path = "../../../../../JUCE/modules/juce_audio_basics";
			sourceTree = "SOURCE_ROOT";
		};
		F8FD3DCC5D0EC3A75F98FFC7 = {
			isa = PBXFileReference;
			lastKnownFileType = file;
			name = "juce_core";
			path = "../../../../../JUCE/modules/juce_core";
			sourceTree = "SOURCE_ROOT";
		};
		FB964428E019F317D0CA4727 = {
			isa = PBXFileReference;
			lastKnownFileType = file;
			name = "juce_graphics";
			path = "../../../../../JUCE/modules/juce_graphics";
			sourceTree = "SOURCE_ROOT";
		};
		54526F47CF7B25D3744B7015 = {
			isa = PBXGroup;
			children = (
				356A6B52C5F54D56E9E01CAB,
			);
			name = Source;
			sourceTree = "<group>";
		};
		7D7E7EE4DCF302C33A55748D = {
			isa = PBXGroup;
			children = (
				54526F47CF7B25D3744B7015,
			);
			name = MainWindowsTutorial;
			sourceTree = "<group>";
		};
		A379628416F4F1392639BB8B = {
			isa = PBXGroup;
			children = (
				F27FE9FDEBDE9F9F7E991DA2,
				E6E8025A16A7DCBC8E7A2DCF,
				A03B6961FDE5F9911A8FDFA9,
				9BC55C34D9B854AE61D3F31C,
				F8FD3DCC5D0EC3A75F98FFC7,
				198E88E57C361C54A7AD07E8,
				33BD39D3754D38995AC4E2A8,
				B5647D7289C7CC8A6DF27BE5,
				FB964428E019F317D0CA4727,
				CE20D097B4766F9BBDC60829,
				504D239D0F9C9BD41FD484A9,
				48FD3A04346F614C646EBBD7,
			);
			name = "JUCE Modules";
			sourceTree = "<group>";
		};
		E3BE25E4D41EC0AB2CC3B6EC = {
			isa = PBXGroup;
			children = (
				0A4233AB81DAF461028BA483,
				CCF8AFC39ECA47B1AE35689B,
				12817BAB8CF3D2544EF38EFA,
				1F44EAC19CBDE171BE88B3D9,
				854CF1C46B110182A5792D42,
				A8B088B567BB39F3030FDB4B,
				2B60DCFD13EF890C018E9C0A,
				1B7D6B044197BE70B7B95D82,
				18E75B93FB8249C966C2F8B6,
				22F2A6DB9B34FE3676CD35F5,
				1343C1069DF6E50BA5F07D7B,
				45CA2B839F4BDB10FD6DF244,
				CBFA804F106A7A407611EB82,
				80975C0A36BDE85068BD7951,
			);
			name = "JUCE Library Code";
			sourceTree = "<group>";
		};
		93832A97A2439B9518BBBE5A = {
			isa = PBXGroup;
			children = (
				23EAEA94C5FD38C637049BC4,
				2F8B209DA07F27F8CF72A9D7,
			);
			name = Resources;
			sourceTree = "<group>";
		};
		A92A59B03C5DA96A120E9F92 = {
			isa = PBXGroup;
			children = (
				0801A69D47255578534E42A1,
				ECD418145B6AF7A671FE8F45,
				0C987B3A51F5CC41E0C0A423,
				D39E5761C2A34253A1E14193,
				A54BABBA3EFDDCA2A68AC93E,
				7604EC03C208BB869C76D9E1,
				576F2A02AE0D37A5512F96A2,
				406672E2C348CF65A1D386F3,
				3DC8B7911A1533513F512025,
				5D0DBB95979D86569A2B9A5F,
			);
			name = Frameworks;
			sourceTree = "<group>";
		};
		091E4CE46588B29FEDE52A5F = {
			isa = PBXGroup;
			children = (
				959CE59B4BED6D967F00C07C,
			);
			name = Products;
			sourceTree = "<group>";
		};
		1CAD71D2B0D2FDE37437BEF8 = {
			isa = PBXGroup;
			children = (
				7D7E7EE4DCF302C33A55748D,
				A379628416F4F1392639BB8B,
				E3BE25E4D41EC0AB2CC3B6EC,
				93832A97A2439B9518BBBE5A,
				A92A59B03C5DA96A120E9F92,
				091E4CE46588B29FEDE52A5F,
			);
			name = Source;
			sourceTree = "<group>";
		};
		D9EE2598B9184127EA6F60C4 = {
			isa = XCBuildConfiguration;
			buildSettings = {
				CLANG_CXX_LANGUAGE_STANDARD = "c++14";
				CLANG_CXX_LIBRARY = "libc++";
				CLANG_LINK_OBJC_RUNTIME = NO;
				COMBINE_HIDPI_IMAGES = YES;
				CONFIGURATION_BUILD_DIR = "$(PROJECT_DIR)/build/$(CONFIGURATION)";
				COPY_PHASE_STRIP = NO;
				GCC_DYNAMIC_NO_PIC = NO;
				GCC_OPTIMIZATION_LEVEL = 0;
				GCC_PREPROCESSOR_DEFINITIONS = (
					"_DEBUG=1",
					"DEBUG=1",
					"JUCER_XCODE_MAC_F6D2F4CF=1",
					"JUCE_APP_VERSION=1.0.0",
					"JUCE_APP_VERSION_HEX=0x10000",
					"JucePlugin_Build_VST=0",
					"JucePlugin_Build_VST3=0",
					"JucePlugin_Build_AU=0",
					"JucePlugin_Build_AUv3=0",
					"JucePlugin_Build_RTAS=0",
					"JucePlugin_Build_AAX=0",
					"JucePlugin_Build_Standalone=0",
					"JucePlugin_Build_Unity=0",
				);
				GCC_VERSION = com.apple.compilers.llvm.clang.1_0;
				HEADER_SEARCH_PATHS = (
					"../../JuceLibraryCode",
					"../../../../../JUCE/modules",
					"$(inherited)",
				);
				INFOPLIST_FILE = Info-App.plist;
				INFOPLIST_PREPROCESS = NO;
				INSTALL_PATH = "$(HOME)/Applications";
				MACOSX_DEPLOYMENT_TARGET = 10.11;
				PRODUCT_BUNDLE_IDENTIFIER = com.yourcompany.MainWindowsTutorial;
				PRODUCT_NAME = "MainWindowsTutorial";
				USE_HEADERMAP = NO;
			};
			name = Debug;
		};
		8EA63F3C88040AC3A950FBC5 = {
			isa = XCBuildConfiguration;
			buildSettings = {
				CLANG_CXX_LANGUAGE_STANDARD = "c++14";
				CLANG_CXX_LIBRARY = "libc++";
				CLANG_LINK_OBJC_RUNTIME = NO;
				COMBINE_HIDPI_IMAGES = YES;
				CONFIGURATION_BUILD_DIR = "$(PROJECT_DIR)/build/$(CONFIGURATION)";
				DEAD_CODE_STRIPPING = YES;
				GCC_GENERATE_DEBUGGING_SYMBOLS = NO;
				GCC_OPTIMIZATION_LEVEL = 3;
				GCC_PREPROCESSOR_DEFINITIONS = (
					"_NDEBUG=1",
					"NDEBUG=1",
					"JUCER_XCODE_MAC_F6D2F4CF=1",
					"JUCE_APP_VERSION=1.0.0",
					"JUCE_APP_VERSION_HEX=0x10000",
					"JucePlugin_Build_VST=0",
					"JucePlugin_Build_VST3=0",
					"JucePlugin_Build_AU=0",
					"JucePlugin_Build_AUv3=0",
					"JucePlugin_Build_RTAS=0",
					"JucePlugin_Build_AAX=0",
					"JucePlugin_Build_Standalone=0",
					"JucePlugin_Build_Unity=0",
				);
				GCC_SYMBOLS_PRIVATE_EXTERN = YES;
				GCC_VERSION = com.apple.compilers.llvm.clang.1_0;
				HEADER_SEARCH_PATHS = (
					"../../JuceLibraryCode",
					"../../../../../JUCE/modules",
					"$(inherited)",
				);
				INFOPLIST_FILE = Info-App.plist;
				INFOPLIST_PREPROCESS = NO;
				INSTALL_PATH = "$(HOME)/Applications";
				LLVM_LTO = YES;
				MACOSX_DEPLOYMENT_TARGET = 10.11;
				PRODUCT_BUNDLE_IDENTIFIER = com.yourcompany.MainWindowsTutorial;
				PRODUCT_NAME = "MainWindowsTutorial";
				USE_HEADERMAP = NO;
			};
			name = Release;
		};
		FA8ABA36386E654D4715C527 = {
			isa = XCBuildConfiguration;
			buildSettings = {
				ALWAYS_SEARCH_USER_PATHS = NO;
				CLANG_ENABLE_OBJC_WEAK = YES;
				CLANG_WARN_BLOCK_CAPTURE_AUTORELEASING = YES;
				CLANG_WARN_BOOL_CONVERSION = YES;
				CLANG_WARN_COMMA = YES;
				CLANG_WARN_CONSTANT_CONVERSION = YES;
				CLANG_WARN_DEPRECATED_OBJC_IMPLEMENTATIONS = YES;
				CLANG_WARN_EMPTY_BODY = YES;
				CLANG_WARN_ENUM_CONVERSION = YES;
				CLANG_WARN_INFINITE_RECURSION = YES;
				CLANG_WARN_INT_CONVERSION = YES;
				CLANG_WARN_NON_LITERAL_NULL_CONVERSION = YES;
				CLANG_WARN_OBJC_IMPLICIT_RETAIN_SELF = YES;
				CLANG_WARN_OBJC_LITERAL_CONVERSION = YES;
				CLANG_WARN_RANGE_LOOP_ANALYSIS = YES;
				CLANG_WARN_STRICT_PROTOTYPES = YES;
				CLANG_WARN_SUSPICIOUS_MOVE = YES;
				CLANG_WARN_UNREACHABLE_CODE = YES;
				CLANG_WARN__DUPLICATE_METHOD_MATCH = YES;
				DEBUG_INFORMATION_FORMAT = dwarf;
				ENABLE_STRICT_OBJC_MSGSEND = YES;
				ENABLE_TESTABILITY = YES;
				GCC_C_LANGUAGE_STANDARD = c11;
				GCC_INLINES_ARE_PRIVATE_EXTERN = YES;
				GCC_MODEL_TUNING = G5;
				GCC_NO_COMMON_BLOCKS = YES;
				GCC_WARN_64_TO_32_BIT_CONVERSION = YES;
				GCC_WARN_ABOUT_RETURN_TYPE = YES;
				GCC_WARN_CHECK_SWITCH_STATEMENTS = YES;
				GCC_WARN_MISSING_PARENTHESES = YES;
				GCC_WARN_NON_VIRTUAL_DESTRUCTOR = YES;
				GCC_WARN_TYPECHECK_CALLS_TO_PRINTF = YES;
				GCC_WARN_UNDECLARED_SELECTOR = YES;
				GCC_WARN_UNINITIALIZED_AUTOS = YES;
				GCC_WARN_UNUSED_FUNCTION = YES;
				GCC_WARN_UNUSED_VARIABLE = YES;
				ONLY_ACTIVE_ARCH = YES;
				PRODUCT_NAME = "MainWindowsTutorial";
				WARNING_CFLAGS = "-Wreorder";
				ZERO_LINK = NO;
			};
			name = Debug;
		};
		F7D96D28E6744A574B3BA9D3 = {
			isa = XCBuildConfiguration;
			buildSettings = {
				ALWAYS_SEARCH_USER_PATHS = NO;
				CLANG_ENABLE_OBJC_WEAK = YES;
				CLANG_WARN_BLOCK_CAPTURE_AUTORELEASING = YES;
				CLANG_WARN_BOOL_CONVERSION = YES;
				CLANG_WARN_COMMA = YES;
				CLANG_WARN_CONSTANT_CONVERSION = YES;
				CLANG_WARN_DEPRECATED_OBJC_IMPLEMENTATIONS = YES;
				CLANG_WARN_EMPTY_BODY = YES;
				CLANG_WARN_ENUM_CONVERSION = YES;
				CLANG_WARN_INFINITE_RECURSION = YES;
				CLANG_WARN_INT_CONVERSION = YES;
				CLANG_WARN_NON_LITERAL_NULL_CONVERSION = YES;
				CLANG_WARN_OBJC_IMPLICIT_RETAIN_SELF = YES;
				CLANG_WARN_OBJC_LITERAL_CONVERSION = YES;
				CLANG_WARN_RANGE_LOOP_ANALYSIS = YES;
				CLANG_WARN_STRICT_PROTOTYPES = YES;
				CLANG_WARN_SUSPICIOUS_MOVE = YES;
				CLANG_WARN_UNREACHABLE_CODE = YES;
				CLANG_WARN__DUPLICATE_METHOD_MATCH = YES;
				DEBUG_INFORMATION_FORMAT = dwarf;
				ENABLE_STRICT_OBJC_MSGSEND = YES;
				GCC_C_LANGUAGE_STANDARD = c11;
				GCC_INLINES_ARE_PRIVATE_EXTERN = YES;
				GCC_MODEL_TUNING = G5;
				GCC_NO_COMMON_BLOCKS = YES;
				GCC_WARN_64_TO_32_BIT_CONVERSION = YES;
				GCC_WARN_ABOUT_RETURN_TYPE = YES;
				GCC_WARN_CHECK_SWITCH_STATEMENTS = YES;
				GCC_WARN_MISSING_PARENTHESES = YES;
				GCC_WARN_NON_VIRTUAL_DESTRUCTOR = YES;
				GCC_WARN_TYPECHECK_CALLS_TO_PRINTF = YES;
				GCC_WARN_UNDECLARED_SELECTOR = YES;
				GCC_WARN_UNINITIALIZED_AUTOS = YES;
				GCC_WARN_UNUSED_FUNCTION = YES;
				GCC_WARN_UNUSED_VARIABLE = YES;
				PRODUCT_NAME = "MainWindowsTutorial";
				WARNING_CFLAGS = "-Wreorder";
				ZERO_LINK = NO;
			};
			name = Release;
		};
		C7939B771DE001559A976CE9 = {
			isa = PBXTargetDependency;
			target = 765C233A85CA23E5DCFD9453;
		};
		EC4E849AA8599422AC0ADCE1 = {
			isa = XCConfigurationList;
			buildConfigurations = (
				FA8ABA36386E654D4715C527,
				F7D96D28E6744A574B3BA9D3,
			);
			defaultConfigurationIsVisible = 0;
			defaultConfigurationName = Debug;
		};
		D5D841BCBD678DAC775FFCF6 = {
			isa = XCConfigurationList;
			buildConfigurations = (
				D9EE2598B9184127EA6F60C4,
				8EA63F3C88040AC3A950FBC5,
			);
			defaultConfigurationIsVisible = 0;
			defaultConfigurationName = Debug;
		};
		EBFE81F17DCAB392EBC2F03E = {
			isa = PBXResourcesBuildPhase;
			buildActionMask = 2147483647;
			files = (
				4A6275A4FC23472B18293DFE,
			);
			runOnlyForDeploymentPostprocessing = 0;
		};
		8196F8E99039649E2E15B149 = {
			isa = PBXSourcesBuildPhase;
			buildActionMask = 2147483647;
			files = (
				8D87802F5EEA359A8ABDCCB6,
				36C859702E9DD4DF861EA206,
				85C4837680318312C4D861C8,
				C6190F7F15522381B561B650,
				C43382F44D7132D7F7341099,
				3BEC698142BF318D337209FF,
				B7883BFC9EC63519BD18550F,
				7ED4F5A7EEA749AA4F96284D,
				0255D18BA1046DDBAE2DB544,
				51006269809C4725921138A0,
				51679395CEE601EB4B683ABE,
				09BC7486D425757B7801D205,
				2DA3465495A4A0470EC35279,
			);
			runOnlyForDeploymentPostprocessing = 0;
		};
		C3622EF9057E1BA213001CF8 = {
			isa = PBXFrameworksBuildPhase;
			buildActionMask = 2147483647;
			files = (
				E83A19E59B949327E5DF26EA,
				2FE92FAB22FC4B96CABFCA0C,
				12CD0F00FC204570B0F715EF,
				80A78163557ADDB83A9582B0,
				7CBA75F31E010EA090023E44,
				ED0E90795D7766FB74D200AD,
				66857875D24F9236D79BE429,
				147022A5AEC216BF0F74D388,
				4FDD4393666FEE6CC7455677,
				9723E7424C44202F3B849145,
			);
			runOnlyForDeploymentPostprocessing = 0;
		};
		765C233A85CA23E5DCFD9453 = {
			isa = PBXNativeTarget;
			buildConfigurationList = D5D841BCBD678DAC775FFCF6;
			buildPhases = (
				EBFE81F17DCAB392EBC2F03E,
				8196F8E99039649E2E15B149,
				C3622EF9057E1BA213001CF8,
			);
			buildRules = ( );
			dependencies = ( );
			name = "MainWindowsTutorial - App";
			productName = MainWindowsTutorial;
			productReference = 959CE59B4BED6D967F00C07C;
			productType = "com.apple.product-type.application";
		};
		1AA6604520913CABB59D6948 = {
			isa = PBXProject;
			buildConfigurationList = EC4E849AA8599422AC0ADCE1;
			attributes = { LastUpgradeCheck = 1010; ORGANIZATIONNAME = ""; TargetAttributes = { 765C233A85CA23E5DCFD9453 = { SystemCapabilities = {com.apple.ApplicationGroups.iOS = { enabled = 0; }; com.apple.InAppPurchase = { enabled = 0; }; com.apple.InterAppAudio = { enabled = 0; }; com.apple.Push = { enabled = 0; }; com.apple.Sandbox = { enabled = 0; }; com.apple.HardenedRuntime = { enabled = 0; }; }; }; }; };
			compatibilityVersion = "Xcode 3.2";
			hasScannedForEncodings = 0;
			mainGroup = 1CAD71D2B0D2FDE37437BEF8;
			projectDirPath = "";
			projectRoot = "";
			targets = (765C233A85CA23E5DCFD9453);
			knownRegions = (en, Base);
		};
	};
	rootObject = 1AA6604520913CABB59D6948;
}
